// !$*UTF8*$!
{
	archiveVersion = 1;
	classes = {
	};
	objectVersion = 48;
	objects = {

/* Begin PBXBuildFile section */
		8FA44C40219CD5D6007F37C0 /* sample.cpp in Sources */ = {isa = PBXBuildFile; fileRef = 8FA44C3F219CD5D6007F37C0 /* sample.cpp */; };
		8FA44C43219CD5DF007F37C0 /* libbass.dylib in Frameworks */ = {isa = PBXBuildFile; fileRef = 8FA44C42219CD5DF007F37C0 /* libbass.dylib */; };
		8FA44C45219CD5E6007F37C0 /* myo.framework in Frameworks */ = {isa = PBXBuildFile; fileRef = 8FA44C44219CD5E6007F37C0 /* myo.framework */; };
		8FA44C46219CD969007F37C0 /* myo.framework in CopyFiles */ = {isa = PBXBuildFile; fileRef = 8FA44C44219CD5E6007F37C0 /* myo.framework */; settings = {ATTRIBUTES = (RemoveHeadersOnCopy, ); }; };
		8FA44C47219CD96B007F37C0 /* libbass.dylib in CopyFiles */ = {isa = PBXBuildFile; fileRef = 8FA44C42219CD5DF007F37C0 /* libbass.dylib */; };
		8FA44C49219CD98E007F37C0 /* Carbon.framework in Frameworks */ = {isa = PBXBuildFile; fileRef = 8FA44C48219CD98E007F37C0 /* Carbon.framework */; };
/* End PBXBuildFile section */

/* Begin PBXCopyFilesBuildPhase section */
		8FA44C2C219CD48D007F37C0 /* CopyFiles */ = {
			isa = PBXCopyFilesBuildPhase;
			buildActionMask = 12;
			dstPath = "";
			dstSubfolderSpec = 16;
			files = (
				8FA44C47219CD96B007F37C0 /* libbass.dylib in CopyFiles */,
				8FA44C46219CD969007F37C0 /* myo.framework in CopyFiles */,
			);
			runOnlyForDeploymentPostprocessing = 0;
		};
/* End PBXCopyFilesBuildPhase section */

/* Begin PBXFileReference section */
		8FA44C2E219CD48D007F37C0 /* AirBand */ = {isa = PBXFileReference; explicitFileType = "compiled.mach-o.executable"; includeInIndex = 0; path = AirBand; sourceTree = BUILT_PRODUCTS_DIR; };
		8FA44C38219CD5B9007F37C0 /* source */ = {isa = PBXFileReference; lastKnownFileType = folder; path = source; sourceTree = "<group>"; };
		8FA44C39219CD5B9007F37C0 /* lib */ = {isa = PBXFileReference; lastKnownFileType = folder; path = lib; sourceTree = "<group>"; };
		8FA44C3A219CD5BA007F37C0 /* README.md */ = {isa = PBXFileReference; fileEncoding = 4; lastKnownFileType = net.daringfireball.markdown; path = README.md; sourceTree = "<group>"; };
		8FA44C3B219CD5BA007F37C0 /* bin */ = {isa = PBXFileReference; lastKnownFileType = folder; path = bin; sourceTree = "<group>"; };
		8FA44C3C219CD5BA007F37C0 /* include */ = {isa = PBXFileReference; lastKnownFileType = folder; path = include; sourceTree = "<group>"; };
		8FA44C3D219CD5BA007F37C0 /* sounds */ = {isa = PBXFileReference; lastKnownFileType = folder; path = sounds; sourceTree = "<group>"; };
		8FA44C3E219CD5BA007F37C0 /* LICENSE */ = {isa = PBXFileReference; fileEncoding = 4; lastKnownFileType = text; path = LICENSE; sourceTree = "<group>"; };
		8FA44C3F219CD5D6007F37C0 /* sample.cpp */ = {isa = PBXFileReference; lastKnownFileType = sourcecode.cpp.cpp; name = sample.cpp; path = source/sample.cpp; sourceTree = "<group>"; };
		8FA44C42219CD5DF007F37C0 /* libbass.dylib */ = {isa = PBXFileReference; lastKnownFileType = "compiled.mach-o.dylib"; name = libbass.dylib; path = lib/libbass.dylib; sourceTree = "<group>"; };
		8FA44C44219CD5E6007F37C0 /* myo.framework */ = {isa = PBXFileReference; lastKnownFileType = wrapper.framework; name = myo.framework; path = lib/myo.framework; sourceTree = "<group>"; };
		8FA44C48219CD98E007F37C0 /* Carbon.framework */ = {isa = PBXFileReference; lastKnownFileType = wrapper.framework; name = Carbon.framework; path = System/Library/Frameworks/Carbon.framework; sourceTree = SDKROOT; };
/* End PBXFileReference section */

/* Begin PBXFrameworksBuildPhase section */
		8FA44C2B219CD48D007F37C0 /* Frameworks */ = {
			isa = PBXFrameworksBuildPhase;
			buildActionMask = 2147483647;
			files = (
				8FA44C49219CD98E007F37C0 /* Carbon.framework in Frameworks */,
				8FA44C45219CD5E6007F37C0 /* myo.framework in Frameworks */,
				8FA44C43219CD5DF007F37C0 /* libbass.dylib in Frameworks */,
			);
			runOnlyForDeploymentPostprocessing = 0;
		};
/* End PBXFrameworksBuildPhase section */

/* Begin PBXGroup section */
		8FA44C25219CD48D007F37C0 = {
			isa = PBXGroup;
			children = (
				8FA44C3F219CD5D6007F37C0 /* sample.cpp */,
				8FA44C3B219CD5BA007F37C0 /* bin */,
				8FA44C3C219CD5BA007F37C0 /* include */,
				8FA44C39219CD5B9007F37C0 /* lib */,
				8FA44C3E219CD5BA007F37C0 /* LICENSE */,
				8FA44C3A219CD5BA007F37C0 /* README.md */,
				8FA44C3D219CD5BA007F37C0 /* sounds */,
				8FA44C38219CD5B9007F37C0 /* source */,
				8FA44C2F219CD48D007F37C0 /* Products */,
				8FA44C41219CD5DF007F37C0 /* Frameworks */,
			);
			sourceTree = "<group>";
		};
		8FA44C2F219CD48D007F37C0 /* Products */ = {
			isa = PBXGroup;
			children = (
				8FA44C2E219CD48D007F37C0 /* AirBand */,
			);
			name = Products;
			sourceTree = "<group>";
		};
		8FA44C41219CD5DF007F37C0 /* Frameworks */ = {
			isa = PBXGroup;
			children = (
				8FA44C48219CD98E007F37C0 /* Carbon.framework */,
				8FA44C44219CD5E6007F37C0 /* myo.framework */,
				8FA44C42219CD5DF007F37C0 /* libbass.dylib */,
			);
			name = Frameworks;
			sourceTree = "<group>";
		};
/* End PBXGroup section */

/* Begin PBXNativeTarget section */
		8FA44C2D219CD48D007F37C0 /* AirBand */ = {
			isa = PBXNativeTarget;
			buildConfigurationList = 8FA44C35219CD48D007F37C0 /* Build configuration list for PBXNativeTarget "AirBand" */;
			buildPhases = (
				8FA44C2A219CD48D007F37C0 /* Sources */,
				8FA44C2B219CD48D007F37C0 /* Frameworks */,
				8FA44C2C219CD48D007F37C0 /* CopyFiles */,
			);
			buildRules = (
			);
			dependencies = (
			);
			name = AirBand;
			productName = AirBand;
			productReference = 8FA44C2E219CD48D007F37C0 /* AirBand */;
			productType = "com.apple.product-type.tool";
		};
/* End PBXNativeTarget section */

/* Begin PBXProject section */
		8FA44C26219CD48D007F37C0 /* Project object */ = {
			isa = PBXProject;
			attributes = {
				LastUpgradeCheck = 0920;
				ORGANIZATIONNAME = "Kevin Stys";
				TargetAttributes = {
					8FA44C2D219CD48D007F37C0 = {
						CreatedOnToolsVersion = 9.2;
						ProvisioningStyle = Automatic;
					};
				};
			};
			buildConfigurationList = 8FA44C29219CD48D007F37C0 /* Build configuration list for PBXProject "AirBand" */;
			compatibilityVersion = "Xcode 8.0";
			developmentRegion = en;
			hasScannedForEncodings = 0;
			knownRegions = (
				en,
			);
			mainGroup = 8FA44C25219CD48D007F37C0;
			productRefGroup = 8FA44C2F219CD48D007F37C0 /* Products */;
			projectDirPath = "";
			projectRoot = "";
			targets = (
				8FA44C2D219CD48D007F37C0 /* AirBand */,
			);
		};
/* End PBXProject section */

/* Begin PBXSourcesBuildPhase section */
		8FA44C2A219CD48D007F37C0 /* Sources */ = {
			isa = PBXSourcesBuildPhase;
			buildActionMask = 2147483647;
			files = (
				8FA44C40219CD5D6007F37C0 /* sample.cpp in Sources */,
			);
			runOnlyForDeploymentPostprocessing = 0;
		};
/* End PBXSourcesBuildPhase section */

/* Begin XCBuildConfiguration section */
		8FA44C33219CD48D007F37C0 /* Debug */ = {
			isa = XCBuildConfiguration;
			buildSettings = {
				ALWAYS_SEARCH_USER_PATHS = NO;
				CLANG_ANALYZER_NONNULL = YES;
				CLANG_ANALYZER_NUMBER_OBJECT_CONVERSION = YES_AGGRESSIVE;
				CLANG_CXX_LANGUAGE_STANDARD = "gnu++14";
				CLANG_CXX_LIBRARY = "libc++";
				CLANG_ENABLE_MODULES = YES;
				CLANG_ENABLE_OBJC_ARC = YES;
				CLANG_WARN_BLOCK_CAPTURE_AUTORELEASING = YES;
				CLANG_WARN_BOOL_CONVERSION = YES;
				CLANG_WARN_COMMA = YES;
				CLANG_WARN_CONSTANT_CONVERSION = YES;
				CLANG_WARN_DIRECT_OBJC_ISA_USAGE = YES_ERROR;
				CLANG_WARN_DOCUMENTATION_COMMENTS = YES;
				CLANG_WARN_EMPTY_BODY = YES;
				CLANG_WARN_ENUM_CONVERSION = YES;
				CLANG_WARN_INFINITE_RECURSION = YES;
				CLANG_WARN_INT_CONVERSION = YES;
				CLANG_WARN_NON_LITERAL_NULL_CONVERSION = YES;
				CLANG_WARN_OBJC_LITERAL_CONVERSION = YES;
				CLANG_WARN_OBJC_ROOT_CLASS = YES_ERROR;
				CLANG_WARN_RANGE_LOOP_ANALYSIS = YES;
				CLANG_WARN_STRICT_PROTOTYPES = YES;
				CLANG_WARN_SUSPICIOUS_MOVE = YES;
				CLANG_WARN_UNGUARDED_AVAILABILITY = YES_AGGRESSIVE;
				CLANG_WARN_UNREACHABLE_CODE = YES;
				CLANG_WARN__DUPLICATE_METHOD_MATCH = YES;
				CODE_SIGN_IDENTITY = "-";
				COPY_PHASE_STRIP = NO;
				DEBUG_INFORMATION_FORMAT = dwarf;
				ENABLE_STRICT_OBJC_MSGSEND = YES;
				ENABLE_TESTABILITY = YES;
				GCC_C_LANGUAGE_STANDARD = gnu11;
				GCC_DYNAMIC_NO_PIC = NO;
				GCC_NO_COMMON_BLOCKS = YES;
				GCC_OPTIMIZATION_LEVEL = 0;
				GCC_PREPROCESSOR_DEFINITIONS = (
					"DEBUG=1",
					"$(inherited)",
				);
				GCC_WARN_64_TO_32_BIT_CONVERSION = YES;
				GCC_WARN_ABOUT_RETURN_TYPE = YES_ERROR;
				GCC_WARN_UNDECLARED_SELECTOR = YES;
				GCC_WARN_UNINITIALIZED_AUTOS = YES_AGGRESSIVE;
				GCC_WARN_UNUSED_FUNCTION = YES;
				GCC_WARN_UNUSED_VARIABLE = YES;
				MACOSX_DEPLOYMENT_TARGET = 10.12;
				MTL_ENABLE_DEBUG_INFO = YES;
				ONLY_ACTIVE_ARCH = YES;
				SDKROOT = macosx;
			};
			name = Debug;
		};
		8FA44C34219CD48D007F37C0 /* Release */ = {
			isa = XCBuildConfiguration;
			buildSettings = {
				ALWAYS_SEARCH_USER_PATHS = NO;
				CLANG_ANALYZER_NONNULL = YES;
				CLANG_ANALYZER_NUMBER_OBJECT_CONVERSION = YES_AGGRESSIVE;
				CLANG_CXX_LANGUAGE_STANDARD = "gnu++14";
				CLANG_CXX_LIBRARY = "libc++";
				CLANG_ENABLE_MODULES = YES;
				CLANG_ENABLE_OBJC_ARC = YES;
				CLANG_WARN_BLOCK_CAPTURE_AUTORELEASING = YES;
				CLANG_WARN_BOOL_CONVERSION = YES;
				CLANG_WARN_COMMA = YES;
				CLANG_WARN_CONSTANT_CONVERSION = YES;
				CLANG_WARN_DIRECT_OBJC_ISA_USAGE = YES_ERROR;
				CLANG_WARN_DOCUMENTATION_COMMENTS = YES;
				CLANG_WARN_EMPTY_BODY = YES;
				CLANG_WARN_ENUM_CONVERSION = YES;
				CLANG_WARN_INFINITE_RECURSION = YES;
				CLANG_WARN_INT_CONVERSION = YES;
				CLANG_WARN_NON_LITERAL_NULL_CONVERSION = YES;
				CLANG_WARN_OBJC_LITERAL_CONVERSION = YES;
				CLANG_WARN_OBJC_ROOT_CLASS = YES_ERROR;
				CLANG_WARN_RANGE_LOOP_ANALYSIS = YES;
				CLANG_WARN_STRICT_PROTOTYPES = YES;
				CLANG_WARN_SUSPICIOUS_MOVE = YES;
				CLANG_WARN_UNGUARDED_AVAILABILITY = YES_AGGRESSIVE;
				CLANG_WARN_UNREACHABLE_CODE = YES;
				CLANG_WARN__DUPLICATE_METHOD_MATCH = YES;
				CODE_SIGN_IDENTITY = "-";
				COPY_PHASE_STRIP = NO;
				DEBUG_INFORMATION_FORMAT = "dwarf-with-dsym";
				ENABLE_NS_ASSERTIONS = NO;
				ENABLE_STRICT_OBJC_MSGSEND = YES;
				GCC_C_LANGUAGE_STANDARD = gnu11;
				GCC_NO_COMMON_BLOCKS = YES;
				GCC_WARN_64_TO_32_BIT_CONVERSION = YES;
				GCC_WARN_ABOUT_RETURN_TYPE = YES_ERROR;
				GCC_WARN_UNDECLARED_SELECTOR = YES;
				GCC_WARN_UNINITIALIZED_AUTOS = YES_AGGRESSIVE;
				GCC_WARN_UNUSED_FUNCTION = YES;
				GCC_WARN_UNUSED_VARIABLE = YES;
				MACOSX_DEPLOYMENT_TARGET = 10.12;
				MTL_ENABLE_DEBUG_INFO = NO;
				SDKROOT = macosx;
			};
			name = Release;
		};
		8FA44C36219CD48D007F37C0 /* Debug */ = {
			isa = XCBuildConfiguration;
			buildSettings = {
				CODE_SIGN_STYLE = Automatic;
				FRAMEWORK_SEARCH_PATHS = (
					"$(inherited)",
					"$(PROJECT_DIR)/lib",
				);
				LIBRARY_SEARCH_PATHS = (
					"$(inherited)",
					"$(PROJECT_DIR)/lib",
				);
				PRODUCT_NAME = "$(TARGET_NAME)";
			};
			name = Debug;
		};
		8FA44C37219CD48D007F37C0 /* Release */ = {
			isa = XCBuildConfiguration;
			buildSettings = {
				CODE_SIGN_STYLE = Automatic;
				FRAMEWORK_SEARCH_PATHS = (
					"$(inherited)",
					"$(PROJECT_DIR)/lib",
				);
				LIBRARY_SEARCH_PATHS = (
					"$(inherited)",
					"$(PROJECT_DIR)/lib",
				);
				PRODUCT_NAME = "$(TARGET_NAME)";
			};
			name = Release;
		};
/* End XCBuildConfiguration section */

/* Begin XCConfigurationList section */
		8FA44C29219CD48D007F37C0 /* Build configuration list for PBXProject "AirBand" */ = {
			isa = XCConfigurationList;
			buildConfigurations = (
				8FA44C33219CD48D007F37C0 /* Debug */,
				8FA44C34219CD48D007F37C0 /* Release */,
			);
			defaultConfigurationIsVisible = 0;
			defaultConfigurationName = Release;
		};
		8FA44C35219CD48D007F37C0 /* Build configuration list for PBXNativeTarget "AirBand" */ = {
			isa = XCConfigurationList;
			buildConfigurations = (
				8FA44C36219CD48D007F37C0 /* Debug */,
				8FA44C37219CD48D007F37C0 /* Release */,
			);
			defaultConfigurationIsVisible = 0;
			defaultConfigurationName = Release;
		};
/* End XCConfigurationList section */
	};
	rootObject = 8FA44C26219CD48D007F37C0 /* Project object */;
}
